
Microsoft Visual Studio Solution File, Format Version 12.00
# Visual Studio Version 16
VisualStudioVersion = 16.0.30011.22
MinimumVisualStudioVersion = 10.0.40219.1
Project("{9A19103F-16F7-4668-BE54-9A1E7A4F7556}") = "multiplixe.twitch.dto", "multiplixe.twitch.dto\multiplixe.twitch.dto.csproj", "{E82B10D9-A962-435E-8722-604E81FA8C8E}"
EndProject
Project("{9A19103F-16F7-4668-BE54-9A1E7A4F7556}") = "multiplixe.twitch.extensao", "multiplixe.twitch.extensao\multiplixe.twitch.extensao.csproj", "{802BBA9F-DE2E-4F61-8EB8-11575AE6164D}"
EndProject
Project("{9A19103F-16F7-4668-BE54-9A1E7A4F7556}") = "multiplixe.twitch.oauth", "multiplixe.twitch.oauth\multiplixe.twitch.oauth.csproj", "{05A8B0BD-1630-4A65-B372-C1AC3E4B63E6}"
EndProject
Project("{9A19103F-16F7-4668-BE54-9A1E7A4F7556}") = "multiplixe.twitch.ping", "multiplixe.twitch.ping\multiplixe.twitch.ping.csproj", "{0F9221B1-7310-424C-9E77-A52548B11E44}"
EndProject
Project("{FAE04EC0-301F-11D3-BF4B-00C04F79EFBC}") = "multiplixe.twitch.ping.triador", "multiplixe.twitch.ping.triador\multiplixe.twitch.ping.triador.csproj", "{8B9DF237-85A7-47FC-90FA-19C03182E5D4}"
EndProject
Project("{FAE04EC0-301F-11D3-BF4B-00C04F79EFBC}") = "multiplixe.twitch.triador.console", "multiplixe.twitch.triador.console\multiplixe.twitch.triador.console.csproj", "{8698763E-B177-4150-B576-CAB60D938C3B}"
EndProject
Project("{FAE04EC0-301F-11D3-BF4B-00C04F79EFBC}") = "multiplixe.twitch.ping.pontuador.console", "multiplixe.twitch.ping.pontuador.console\multiplixe.twitch.ping.pontuador.console.csproj", "{34020271-542F-4691-8A14-B81D3B473C30}"
EndProject
Global
	GlobalSection(SolutionConfigurationPlatforms) = preSolution
		Debug|Any CPU = Debug|Any CPU
		Release|Any CPU = Release|Any CPU
	EndGlobalSection
	GlobalSection(ProjectConfigurationPlatforms) = postSolution
		{E82B10D9-A962-435E-8722-604E81FA8C8E}.Debug|Any CPU.ActiveCfg = Debug|Any CPU
		{E82B10D9-A962-435E-8722-604E81FA8C8E}.Debug|Any CPU.Build.0 = Debug|Any CPU
		{E82B10D9-A962-435E-8722-604E81FA8C8E}.Release|Any CPU.ActiveCfg = Release|Any CPU
		{E82B10D9-A962-435E-8722-604E81FA8C8E}.Release|Any CPU.Build.0 = Release|Any CPU
		{802BBA9F-DE2E-4F61-8EB8-11575AE6164D}.Debug|Any CPU.ActiveCfg = Debug|Any CPU
		{802BBA9F-DE2E-4F61-8EB8-11575AE6164D}.Debug|Any CPU.Build.0 = Debug|Any CPU
		{802BBA9F-DE2E-4F61-8EB8-11575AE6164D}.Release|Any CPU.ActiveCfg = Release|Any CPU
		{05A8B0BD-1630-4A65-B372-C1AC3E4B63E6}.Debug|Any CPU.ActiveCfg = Debug|Any CPU
		{05A8B0BD-1630-4A65-B372-C1AC3E4B63E6}.Debug|Any CPU.Build.0 = Debug|Any CPU
		{05A8B0BD-1630-4A65-B372-C1AC3E4B63E6}.Release|Any CPU.ActiveCfg = Release|Any CPU
		{05A8B0BD-1630-4A65-B372-C1AC3E4B63E6}.Release|Any CPU.Build.0 = Release|Any CPU
		{0F9221B1-7310-424C-9E77-A52548B11E44}.Debug|Any CPU.ActiveCfg = Debug|Any CPU
		{0F9221B1-7310-424C-9E77-A52548B11E44}.Debug|Any CPU.Build.0 = Debug|Any CPU
		{0F9221B1-7310-424C-9E77-A52548B11E44}.Release|Any CPU.ActiveCfg = Release|Any CPU
		{0F9221B1-7310-424C-9E77-A52548B11E44}.Release|Any CPU.Build.0 = Release|Any CPU
		{8B9DF237-85A7-47FC-90FA-19C03182E5D4}.Debug|Any CPU.ActiveCfg = Debug|Any CPU
		{8B9DF237-85A7-47FC-90FA-19C03182E5D4}.Debug|Any CPU.Build.0 = Debug|Any CPU
		{8B9DF237-85A7-47FC-90FA-19C03182E5D4}.Release|Any CPU.ActiveCfg = Release|Any CPU
		{8B9DF237-85A7-47FC-90FA-19C03182E5D4}.Release|Any CPU.Build.0 = Release|Any CPU
		{8698763E-B177-4150-B576-CAB60D938C3B}.Debug|Any CPU.ActiveCfg = Debug|Any CPU
		{8698763E-B177-4150-B576-CAB60D938C3B}.Debug|Any CPU.Build.0 = Debug|Any CPU
		{8698763E-B177-4150-B576-CAB60D938C3B}.Release|Any CPU.ActiveCfg = Release|Any CPU
		{8698763E-B177-4150-B576-CAB60D938C3B}.Release|Any CPU.Build.0 = Release|Any CPU
		{34020271-542F-4691-8A14-B81D3B473C30}.Debug|Any CPU.ActiveCfg = Debug|Any CPU
		{34020271-542F-4691-8A14-B81D3B473C30}.Debug|Any CPU.Build.0 = Debug|Any CPU
		{34020271-542F-4691-8A14-B81D3B473C30}.Release|Any CPU.ActiveCfg = Release|Any CPU
		{34020271-542F-4691-8A14-B81D3B473C30}.Release|Any CPU.Build.0 = Release|Any CPU
	EndGlobalSection
	GlobalSection(SolutionProperties) = preSolution
		HideSolutionNode = FALSE
	EndGlobalSection
	GlobalSection(ExtensibilityGlobals) = postSolution
		SolutionGuid = {0A3D837A-B326-4C7B-A58D-BFAC45ACBE12}
	EndGlobalSection
EndGlobal
