
Microsoft Visual Studio Solution File, Format Version 12.00
# Visual Studio Version 16
VisualStudioVersion = 16.0.30011.22
MinimumVisualStudioVersion = 10.0.40219.1
Project("{9A19103F-16F7-4668-BE54-9A1E7A4F7556}") = "multiplixe.compartilhador.grpc", "multiplixe.compartilhador.grpc\multiplixe.compartilhador.grpc.csproj", "{F757BC9F-3938-4721-B2BE-40284FDABDEA}"
EndProject
Project("{9A19103F-16F7-4668-BE54-9A1E7A4F7556}") = "multiplixe.compartilhador.post", "multiplixe.compartilhador.post\multiplixe.compartilhador.post.csproj", "{E10DD2DD-911D-4192-8F5A-5388ABE4FC12}"
EndProject
Project("{9A19103F-16F7-4668-BE54-9A1E7A4F7556}") = "multiplixe.compartilhador.compartilhamento", "multiplixe.compartilhador.compartilhamento\multiplixe.compartilhador.compartilhamento.csproj", "{161BC724-8B28-40D9-887C-8F677E04840B}"
EndProject
Project("{2150E333-8FDC-42A3-9474-1A3956D46DE8}") = "grpc", "grpc", "{41170663-609B-4D71-BF01-03DA6A7C2427}"
EndProject
Project("{FAE04EC0-301F-11D3-BF4B-00C04F79EFBC}") = "multiplixe.compartilhador.client", "multiplixe.compartilhador.client\multiplixe.compartilhador.client.csproj", "{33E27F19-ACCF-49D2-ADF1-401722DA9454}"
EndProject
Global
	GlobalSection(SolutionConfigurationPlatforms) = preSolution
		Debug|Any CPU = Debug|Any CPU
		Release|Any CPU = Release|Any CPU
	EndGlobalSection
	GlobalSection(ProjectConfigurationPlatforms) = postSolution
		{F757BC9F-3938-4721-B2BE-40284FDABDEA}.Debug|Any CPU.ActiveCfg = Debug|Any CPU
		{F757BC9F-3938-4721-B2BE-40284FDABDEA}.Debug|Any CPU.Build.0 = Debug|Any CPU
		{F757BC9F-3938-4721-B2BE-40284FDABDEA}.Release|Any CPU.ActiveCfg = Release|Any CPU
		{F757BC9F-3938-4721-B2BE-40284FDABDEA}.Release|Any CPU.Build.0 = Release|Any CPU
		{E10DD2DD-911D-4192-8F5A-5388ABE4FC12}.Debug|Any CPU.ActiveCfg = Debug|Any CPU
		{E10DD2DD-911D-4192-8F5A-5388ABE4FC12}.Debug|Any CPU.Build.0 = Debug|Any CPU
		{E10DD2DD-911D-4192-8F5A-5388ABE4FC12}.Release|Any CPU.ActiveCfg = Release|Any CPU
		{E10DD2DD-911D-4192-8F5A-5388ABE4FC12}.Release|Any CPU.Build.0 = Release|Any CPU
		{161BC724-8B28-40D9-887C-8F677E04840B}.Debug|Any CPU.ActiveCfg = Debug|Any CPU
		{161BC724-8B28-40D9-887C-8F677E04840B}.Debug|Any CPU.Build.0 = Debug|Any CPU
		{161BC724-8B28-40D9-887C-8F677E04840B}.Release|Any CPU.ActiveCfg = Release|Any CPU
		{161BC724-8B28-40D9-887C-8F677E04840B}.Release|Any CPU.Build.0 = Release|Any CPU
		{33E27F19-ACCF-49D2-ADF1-401722DA9454}.Debug|Any CPU.ActiveCfg = Debug|Any CPU
		{33E27F19-ACCF-49D2-ADF1-401722DA9454}.Debug|Any CPU.Build.0 = Debug|Any CPU
		{33E27F19-ACCF-49D2-ADF1-401722DA9454}.Release|Any CPU.ActiveCfg = Release|Any CPU
		{33E27F19-ACCF-49D2-ADF1-401722DA9454}.Release|Any CPU.Build.0 = Release|Any CPU
	EndGlobalSection
	GlobalSection(SolutionProperties) = preSolution
		HideSolutionNode = FALSE
	EndGlobalSection
	GlobalSection(NestedProjects) = preSolution
		{F757BC9F-3938-4721-B2BE-40284FDABDEA} = {41170663-609B-4D71-BF01-03DA6A7C2427}
		{33E27F19-ACCF-49D2-ADF1-401722DA9454} = {41170663-609B-4D71-BF01-03DA6A7C2427}
	EndGlobalSection
	GlobalSection(ExtensibilityGlobals) = postSolution
		SolutionGuid = {C12254F8-88D1-45CF-A6B0-4D2E41D8F048}
	EndGlobalSection
EndGlobal
