
Microsoft Visual Studio Solution File, Format Version 12.00
# Visual Studio Version 16
VisualStudioVersion = 16.0.30011.22
MinimumVisualStudioVersion = 10.0.40219.1
Project("{9A19103F-16F7-4668-BE54-9A1E7A4F7556}") = "multiplixe.enfileirador.core", "multiplixe.enfileirador.core\multiplixe.enfileirador.core.csproj", "{7C8A9B4E-847A-4C17-8734-6E274C6EDD0B}"
EndProject
Project("{FAE04EC0-301F-11D3-BF4B-00C04F79EFBC}") = "multiplixe.enfileirador.client", "multiplixe.enfileirador.client\multiplixe.enfileirador.client.csproj", "{F426F830-B43F-4125-B538-47AF609D6FC8}"
EndProject
Project("{FAE04EC0-301F-11D3-BF4B-00C04F79EFBC}") = "multiplixe.enfileirador.grpc", "multiplixe.enfileirador.grpc\multiplixe.enfileirador.grpc.csproj", "{9BB64929-5B38-4A23-943E-5047EC98C37F}"
EndProject
Global
	GlobalSection(SolutionConfigurationPlatforms) = preSolution
		Debug|Any CPU = Debug|Any CPU
		Release|Any CPU = Release|Any CPU
	EndGlobalSection
	GlobalSection(ProjectConfigurationPlatforms) = postSolution
		{7C8A9B4E-847A-4C17-8734-6E274C6EDD0B}.Debug|Any CPU.ActiveCfg = Debug|Any CPU
		{7C8A9B4E-847A-4C17-8734-6E274C6EDD0B}.Debug|Any CPU.Build.0 = Debug|Any CPU
		{7C8A9B4E-847A-4C17-8734-6E274C6EDD0B}.Release|Any CPU.ActiveCfg = Release|Any CPU
		{7C8A9B4E-847A-4C17-8734-6E274C6EDD0B}.Release|Any CPU.Build.0 = Release|Any CPU
		{F426F830-B43F-4125-B538-47AF609D6FC8}.Debug|Any CPU.ActiveCfg = Debug|Any CPU
		{F426F830-B43F-4125-B538-47AF609D6FC8}.Debug|Any CPU.Build.0 = Debug|Any CPU
		{F426F830-B43F-4125-B538-47AF609D6FC8}.Release|Any CPU.ActiveCfg = Release|Any CPU
		{F426F830-B43F-4125-B538-47AF609D6FC8}.Release|Any CPU.Build.0 = Release|Any CPU
		{9BB64929-5B38-4A23-943E-5047EC98C37F}.Debug|Any CPU.ActiveCfg = Debug|Any CPU
		{9BB64929-5B38-4A23-943E-5047EC98C37F}.Debug|Any CPU.Build.0 = Debug|Any CPU
		{9BB64929-5B38-4A23-943E-5047EC98C37F}.Release|Any CPU.ActiveCfg = Release|Any CPU
		{9BB64929-5B38-4A23-943E-5047EC98C37F}.Release|Any CPU.Build.0 = Release|Any CPU
	EndGlobalSection
	GlobalSection(SolutionProperties) = preSolution
		HideSolutionNode = FALSE
	EndGlobalSection
	GlobalSection(ExtensibilityGlobals) = postSolution
		SolutionGuid = {614DFBD0-7521-4731-AF86-531AB771187E}
	EndGlobalSection
EndGlobal
