
Microsoft Visual Studio Solution File, Format Version 12.00
# Visual Studio Version 16
VisualStudioVersion = 16.0.30011.22
MinimumVisualStudioVersion = 10.0.40219.1
Project("{FAE04EC0-301F-11D3-BF4B-00C04F79EFBC}") = "multiplixe.pontuador.console", "multiplixe.pontuador.console\multiplixe.pontuador.console.csproj", "{DB96F4B9-677C-4644-B56C-29FA91718055}"
EndProject
Global
	GlobalSection(SolutionConfigurationPlatforms) = preSolution
		Debug|Any CPU = Debug|Any CPU
		Release|Any CPU = Release|Any CPU
	EndGlobalSection
	GlobalSection(ProjectConfigurationPlatforms) = postSolution
		{DB96F4B9-677C-4644-B56C-29FA91718055}.Debug|Any CPU.ActiveCfg = Debug|Any CPU
		{DB96F4B9-677C-4644-B56C-29FA91718055}.Debug|Any CPU.Build.0 = Debug|Any CPU
		{DB96F4B9-677C-4644-B56C-29FA91718055}.Release|Any CPU.ActiveCfg = Release|Any CPU
		{DB96F4B9-677C-4644-B56C-29FA91718055}.Release|Any CPU.Build.0 = Release|Any CPU
	EndGlobalSection
	GlobalSection(SolutionProperties) = preSolution
		HideSolutionNode = FALSE
	EndGlobalSection
	GlobalSection(ExtensibilityGlobals) = postSolution
		SolutionGuid = {17FA3EC5-D7EC-4F12-89F9-BC6B03FB59CF}
	EndGlobalSection
EndGlobal
