
Microsoft Visual Studio Solution File, Format Version 12.00
# Visual Studio Version 16
VisualStudioVersion = 16.0.30011.22
MinimumVisualStudioVersion = 10.0.40219.1
Project("{FAE04EC0-301F-11D3-BF4B-00C04F79EFBC}") = "multiplixe.ferramentas.publicador", "multiplixe.ferramentas.publicador\multiplixe.ferramentas.publicador.csproj", "{9E4620A6-189B-42CE-B800-2CF1A70307EE}"
EndProject
Project("{FAE04EC0-301F-11D3-BF4B-00C04F79EFBC}") = "multiplixe.ferramentas.comum", "multiplixe.ferramentas.comum\multiplixe.ferramentas.comum.csproj", "{FFEC0281-9E24-4A1F-8846-4A17D0CDE1AA}"
EndProject
Global
	GlobalSection(SolutionConfigurationPlatforms) = preSolution
		Debug|Any CPU = Debug|Any CPU
		Release|Any CPU = Release|Any CPU
	EndGlobalSection
	GlobalSection(ProjectConfigurationPlatforms) = postSolution
		{9E4620A6-189B-42CE-B800-2CF1A70307EE}.Debug|Any CPU.ActiveCfg = Debug|Any CPU
		{9E4620A6-189B-42CE-B800-2CF1A70307EE}.Debug|Any CPU.Build.0 = Debug|Any CPU
		{9E4620A6-189B-42CE-B800-2CF1A70307EE}.Release|Any CPU.ActiveCfg = Release|Any CPU
		{9E4620A6-189B-42CE-B800-2CF1A70307EE}.Release|Any CPU.Build.0 = Release|Any CPU
		{FFEC0281-9E24-4A1F-8846-4A17D0CDE1AA}.Debug|Any CPU.ActiveCfg = Debug|Any CPU
		{FFEC0281-9E24-4A1F-8846-4A17D0CDE1AA}.Debug|Any CPU.Build.0 = Debug|Any CPU
		{FFEC0281-9E24-4A1F-8846-4A17D0CDE1AA}.Release|Any CPU.ActiveCfg = Release|Any CPU
		{FFEC0281-9E24-4A1F-8846-4A17D0CDE1AA}.Release|Any CPU.Build.0 = Release|Any CPU
	EndGlobalSection
	GlobalSection(SolutionProperties) = preSolution
		HideSolutionNode = FALSE
	EndGlobalSection
	GlobalSection(ExtensibilityGlobals) = postSolution
		SolutionGuid = {E5F3A8E9-415C-44BD-BB14-427F9EE0F945}
	EndGlobalSection
EndGlobal
